# THIS IS AN AUTOGENERATED FILE. DO NOT EDIT THIS FILE DIRECTLY.
# yarn lockfile v1


babel-runtime@^6.26.0:
  version "6.26.0"
  resolved "https://registry.yarnpkg.com/babel-runtime/-/babel-runtime-6.26.0.tgz#965c7058668e82b55d7bfe04ff2337bc8b5647fe"
  integrity sha1-llxwWGaOgrVde/4E/yM3vItWR/4=
  dependencies:
    core-js "^2.4.0"
    regenerator-runtime "^0.11.0"

core-js@^2.4.0:
  version "2.6.11"
  resolved "https://registry.yarnpkg.com/core-js/-/core-js-2.6.11.tgz#38831469f9922bded8ee21c9dc46985e0399308c"
  integrity sha512-5wjnpaT/3dV+XB4borEsnAYQchn00XSgTAWKDkEqv+K8KevjbzmofK6hfJ9TZIlpj2N0xQpazy7PiRQiWHqzWg==

marker-clusterer-plus@^2.1.4:
  version "2.1.4"
  resolved "https://registry.yarnpkg.com/marker-clusterer-plus/-/marker-clusterer-plus-2.1.4.tgz#f8eff74d599dab3b7d0e3fed5264ea0e704f5d67"
  integrity sha1-+O/3TVmdqzt9Dj/tUmTqDnBPXWc=

regenerator-runtime@^0.11.0:
  version "0.11.1"
  resolved "https://registry.yarnpkg.com/regenerator-runtime/-/regenerator-runtime-0.11.1.tgz#be05ad7f9bf7d22e056f9726cee5017fbf19e2e9"
  integrity sha512-MguG95oij0fC3QV3URf4V2SDYGJhJnJGqvIIgdECeODCT98wSWDAJ94SSuVpYQUoTcGUIL6L4yNB7j1DFFHSBg==

vue2-google-maps@^0.10.7:
  version "0.10.7"
  resolved "https://registry.yarnpkg.com/vue2-google-maps/-/vue2-google-maps-0.10.7.tgz#2e4c1239386001bd47777d8c6a0475e5320cc3a8"
  integrity sha512-y5aBJTAsfGvpsbfgPaeWU7o7QbOeINZKsP6SB9qrBe8U8EYBFO/bTWo3rcMq/NOtgT/XssV3Nwg/2u3no6jWbw==
  dependencies:
    babel-runtime "^6.26.0"
    marker-clusterer-plus "^2.1.4"
